
Microsoft Visual Studio Solution File, Format Version 12.00
# Visual Studio Version 17
VisualStudioVersion = 17.14.36310.24 d17.14
MinimumVisualStudioVersion = 10.0.40219.1
Project("{FAE04EC0-301F-11D3-BF4B-00C04F79EFBC}") = "Exercicios", "Exercicios\Exercicios.csproj", "{E69341EE-549D-4375-8295-FD03D222D9B7}"
EndProject
Global
	GlobalSection(SolutionConfigurationPlatforms) = preSolution
		Debug|Any CPU = Debug|Any CPU
		Release|Any CPU = Release|Any CPU
	EndGlobalSection
	GlobalSection(ProjectConfigurationPlatforms) = postSolution
		{E69341EE-549D-4375-8295-FD03D222D9B7}.Debug|Any CPU.ActiveCfg = Debug|Any CPU
		{E69341EE-549D-4375-8295-FD03D222D9B7}.Debug|Any CPU.Build.0 = Debug|Any CPU
		{E69341EE-549D-4375-8295-FD03D222D9B7}.Release|Any CPU.ActiveCfg = Release|Any CPU
		{E69341EE-549D-4375-8295-FD03D222D9B7}.Release|Any CPU.Build.0 = Release|Any CPU
	EndGlobalSection
	GlobalSection(SolutionProperties) = preSolution
		HideSolutionNode = FALSE
	EndGlobalSection
	GlobalSection(ExtensibilityGlobals) = postSolution
		SolutionGuid = {FA3B010B-B245-4DA3-B090-62104BE5A8F8}
	EndGlobalSection
EndGlobal
