
Microsoft Visual Studio Solution File, Format Version 12.00
# Visual Studio Version 17
VisualStudioVersion = 17.14.36310.24 d17.14
MinimumVisualStudioVersion = 10.0.40219.1
Project("{FAE04EC0-301F-11D3-BF4B-00C04F79EFBC}") = "ProjetoGrandeEDesnecessariamenteComplicado", "ProjetoGrandeEDesnecessariamenteComplicado\ProjetoGrandeEDesnecessariamenteComplicado.csproj", "{E4192A02-3B99-492F-BC7D-514C077A800F}"
EndProject
Global
	GlobalSection(SolutionConfigurationPlatforms) = preSolution
		Debug|Any CPU = Debug|Any CPU
		Release|Any CPU = Release|Any CPU
	EndGlobalSection
	GlobalSection(ProjectConfigurationPlatforms) = postSolution
		{E4192A02-3B99-492F-BC7D-514C077A800F}.Debug|Any CPU.ActiveCfg = Debug|Any CPU
		{E4192A02-3B99-492F-BC7D-514C077A800F}.Debug|Any CPU.Build.0 = Debug|Any CPU
		{E4192A02-3B99-492F-BC7D-514C077A800F}.Release|Any CPU.ActiveCfg = Release|Any CPU
		{E4192A02-3B99-492F-BC7D-514C077A800F}.Release|Any CPU.Build.0 = Release|Any CPU
	EndGlobalSection
	GlobalSection(SolutionProperties) = preSolution
		HideSolutionNode = FALSE
	EndGlobalSection
	GlobalSection(ExtensibilityGlobals) = postSolution
		SolutionGuid = {AEFFBE23-8F6A-454F-BBB4-13E105970323}
	EndGlobalSection
EndGlobal
